
Microsoft Visual Studio Solution File, Format Version 12.00
# Visual Studio Version 17
VisualStudioVersion = 17.5.33414.496
MinimumVisualStudioVersion = 10.0.40219.1
Project("{FAE04EC0-301F-11D3-BF4B-00C04F79EFBC}") = "new-wr-api", "new-wr-api\new-wr-api.csproj", "{6EBBECA9-ADFB-41C2-909B-0F10D19D9BDC}"
EndProject
Global
	GlobalSection(SolutionConfigurationPlatforms) = preSolution
		Debug|Any CPU = Debug|Any CPU
		Release|Any CPU = Release|Any CPU
	EndGlobalSection
	GlobalSection(ProjectConfigurationPlatforms) = postSolution
		{6EBBECA9-ADFB-41C2-909B-0F10D19D9BDC}.Debug|Any CPU.ActiveCfg = Debug|Any CPU
		{6EBBECA9-ADFB-41C2-909B-0F10D19D9BDC}.Debug|Any CPU.Build.0 = Debug|Any CPU
		{6EBBECA9-ADFB-41C2-909B-0F10D19D9BDC}.Release|Any CPU.ActiveCfg = Release|Any CPU
		{6EBBECA9-ADFB-41C2-909B-0F10D19D9BDC}.Release|Any CPU.Build.0 = Release|Any CPU
	EndGlobalSection
	GlobalSection(SolutionProperties) = preSolution
		HideSolutionNode = FALSE
	EndGlobalSection
	GlobalSection(ExtensibilityGlobals) = postSolution
		SolutionGuid = {D80E15BC-5884-4C3A-A4EF-C91C8D17B438}
	EndGlobalSection
EndGlobal
